
Microsoft Visual Studio Solution File, Format Version 12.00
# Visual Studio 15
VisualStudioVersion = 15.0.28307.489
MinimumVisualStudioVersion = 10.0.40219.1
Project("{FAE04EC0-301F-11D3-BF4B-00C04F79EFBC}") = "GrayTransformation", "GrayTransformation\GrayTransformation.csproj", "{3EACC3C5-A89C-4AAC-87CB-96569C5A754D}"
EndProject
Global
	GlobalSection(SolutionConfigurationPlatforms) = preSolution
		Debug|Any CPU = Debug|Any CPU
		Release|Any CPU = Release|Any CPU
	EndGlobalSection
	GlobalSection(ProjectConfigurationPlatforms) = postSolution
		{3EACC3C5-A89C-4AAC-87CB-96569C5A754D}.Debug|Any CPU.ActiveCfg = Debug|Any CPU
		{3EACC3C5-A89C-4AAC-87CB-96569C5A754D}.Debug|Any CPU.Build.0 = Debug|Any CPU
		{3EACC3C5-A89C-4AAC-87CB-96569C5A754D}.Release|Any CPU.ActiveCfg = Release|Any CPU
		{3EACC3C5-A89C-4AAC-87CB-96569C5A754D}.Release|Any CPU.Build.0 = Release|Any CPU
	EndGlobalSection
	GlobalSection(SolutionProperties) = preSolution
		HideSolutionNode = FALSE
	EndGlobalSection
	GlobalSection(ExtensibilityGlobals) = postSolution
		SolutionGuid = {71E8FAC4-D0A8-49D2-A5CC-2B0CB87B1D16}
	EndGlobalSection
EndGlobal
